
Microsoft Visual Studio Solution File, Format Version 12.00
# Visual Studio Version 17
VisualStudioVersion = 17.5.002.0
MinimumVisualStudioVersion = 10.0.40219.1
Project("{2150E333-8FDC-42A3-9474-1A3956D46DE8}") = "src", "src", "{F83934CF-2357-4FBA-9EA6-F57E4B84B6BF}"
EndProject
Project("{9A19103F-16F7-4668-BE54-9A1E7A4F7556}") = "TodoApi", "src\TodoApi\TodoApi.csproj", "{2C2A8CA1-BEAA-49AB-81EF-930A268BC443}"
EndProject
Global
	GlobalSection(SolutionConfigurationPlatforms) = preSolution
		Debug|Any CPU = Debug|Any CPU
		Release|Any CPU = Release|Any CPU
	EndGlobalSection
	GlobalSection(ProjectConfigurationPlatforms) = postSolution
		{2C2A8CA1-BEAA-49AB-81EF-930A268BC443}.Debug|Any CPU.ActiveCfg = Debug|Any CPU
		{2C2A8CA1-BEAA-49AB-81EF-930A268BC443}.Debug|Any CPU.Build.0 = Debug|Any CPU
		{2C2A8CA1-BEAA-49AB-81EF-930A268BC443}.Release|Any CPU.ActiveCfg = Release|Any CPU
		{2C2A8CA1-BEAA-49AB-81EF-930A268BC443}.Release|Any CPU.Build.0 = Release|Any CPU
	EndGlobalSection
	GlobalSection(SolutionProperties) = preSolution
		HideSolutionNode = FALSE
	EndGlobalSection
	GlobalSection(NestedProjects) = preSolution
		{2C2A8CA1-BEAA-49AB-81EF-930A268BC443} = {F83934CF-2357-4FBA-9EA6-F57E4B84B6BF}
	EndGlobalSection
	GlobalSection(ExtensibilityGlobals) = postSolution
		SolutionGuid = {5F427BCD-0C83-45F0-AAEF-00837ABE93E7}
	EndGlobalSection
EndGlobal
